
Microsoft Visual Studio Solution File, Format Version 12.00
# Visual Studio Version 17
VisualStudioVersion = 17.4.33110.190
MinimumVisualStudioVersion = 10.0.40219.1
Project("{9A19103F-16F7-4668-BE54-9A1E7A4F7556}") = "DLSS Swapper", "src\DLSS Swapper.csproj", "{63586228-FDDE-4E35-9138-7FF35ED61EC1}"
EndProject
Project("{9A19103F-16F7-4668-BE54-9A1E7A4F7556}") = "DLSS_Swapper.Core", "src\DLSS_Swapper.Core\DLSS_Swapper.Core.csproj", "{A1B2C3D4-E5F6-7890-1234-56789ABCDEF0}"
EndProject
Project("{9A19103F-16F7-4668-BE54-9A1E7A4F7556}") = "DLSS_Swapper.Avalonia", "src\DLSS_Swapper.Avalonia\DLSS_Swapper.Avalonia.csproj", "{B2C3D4E5-F6A7-8901-2345-6789ABCDEF01}"
EndProject
Global
	GlobalSection(SolutionConfigurationPlatforms) = preSolution
		Debug|x64 = Debug|x64
		Debug_Portable|x64 = Debug_Portable|x64
		Release|x64 = Release|x64
		Release_Portable|x64 = Release_Portable|x64
	EndGlobalSection
	GlobalSection(ProjectConfigurationPlatforms) = postSolution
		{63586228-FDDE-4E35-9138-7FF35ED61EC1}.Debug|x64.ActiveCfg = Debug|x64
		{63586228-FDDE-4E35-9138-7FF35ED61EC1}.Debug|x64.Build.0 = Debug|x64
		{63586228-FDDE-4E35-9138-7FF35ED61EC1}.Debug_Portable|x64.ActiveCfg = Debug_Portable|x64
		{63586228-FDDE-4E35-9138-7FF35ED61EC1}.Debug_Portable|x64.Build.0 = Debug_Portable|x64
		{63586228-FDDE-4E35-9138-7FF35ED61EC1}.Release|x64.ActiveCfg = Release|x64
		{63586228-FDDE-4E35-9138-7FF35ED61EC1}.Release|x64.Build.0 = Release|x64
		{63586228-FDDE-4E35-9138-7FF35ED61EC1}.Release_Portable|x64.ActiveCfg = Release_Portable|x64
		{63586228-FDDE-4E35-9138-7FF35ED61EC1}.Release_Portable|x64.Build.0 = Release_Portable|x64
		{A1B2C3D4-E5F6-7890-1234-56789ABCDEF0}.Debug|x64.ActiveCfg = Debug|Any CPU
		{A1B2C3D4-E5F6-7890-1234-56789ABCDEF0}.Debug|x64.Build.0 = Debug|Any CPU
		{A1B2C3D4-E5F6-7890-1234-56789ABCDEF0}.Debug_Portable|x64.ActiveCfg = Debug|Any CPU
		{A1B2C3D4-E5F6-7890-1234-56789ABCDEF0}.Debug_Portable|x64.Build.0 = Debug|Any CPU
		{A1B2C3D4-E5F6-7890-1234-56789ABCDEF0}.Release|x64.ActiveCfg = Release|Any CPU
		{A1B2C3D4-E5F6-7890-1234-56789ABCDEF0}.Release|x64.Build.0 = Release|Any CPU
		{A1B2C3D4-E5F6-7890-1234-56789ABCDEF0}.Release_Portable|x64.ActiveCfg = Release|Any CPU
		{A1B2C3D4-E5F6-7890-1234-56789ABCDEF0}.Release_Portable|x64.Build.0 = Release|Any CPU
		{B2C3D4E5-F6A7-8901-2345-6789ABCDEF01}.Debug|x64.ActiveCfg = Debug|Any CPU
		{B2C3D4E5-F6A7-8901-2345-6789ABCDEF01}.Debug|x64.Build.0 = Debug|Any CPU
		{B2C3D4E5-F6A7-8901-2345-6789ABCDEF01}.Debug_Portable|x64.ActiveCfg = Debug|Any CPU
		{B2C3D4E5-F6A7-8901-2345-6789ABCDEF01}.Debug_Portable|x64.Build.0 = Debug|Any CPU
		{B2C3D4E5-F6A7-8901-2345-6789ABCDEF01}.Release|x64.ActiveCfg = Release|Any CPU
		{B2C3D4E5-F6A7-8901-2345-6789ABCDEF01}.Release|x64.Build.0 = Release|Any CPU
		{B2C3D4E5-F6A7-8901-2345-6789ABCDEF01}.Release_Portable|x64.ActiveCfg = Release|Any CPU
		{B2C3D4E5-F6A7-8901-2345-6789ABCDEF01}.Release_Portable|x64.Build.0 = Release|Any CPU
	EndGlobalSection
	GlobalSection(SolutionProperties) = preSolution
		HideSolutionNode = FALSE
	EndGlobalSection
	GlobalSection(ExtensibilityGlobals) = postSolution
		SolutionGuid = {F184BD5E-34A3-4A6C-BB68-09DAC5BD2093}
	EndGlobalSection
EndGlobal
